
Microsoft Visual Studio Solution File, Format Version 12.00
# Visual Studio Version 16
VisualStudioVersion = 16.0.30225.117
MinimumVisualStudioVersion = 10.0.40219.1
Project("{9A19103F-16F7-4668-BE54-9A1E7A4F7556}") = "client", "client\client.csproj", "{F67BFD28-EDF7-450C-8204-0A43DD9E5754}"
EndProject
Project("{9A19103F-16F7-4668-BE54-9A1E7A4F7556}") = "azure-proto-compute", "azure-proto-compute\azure-proto-compute.csproj", "{FD280DA1-53BA-46BA-B705-890F42F704BB}"
EndProject
Project("{9A19103F-16F7-4668-BE54-9A1E7A4F7556}") = "azure-proto-core", "azure-proto-core\azure-proto-core.csproj", "{450371DE-C9CF-4FCE-B106-822839F68F00}"
EndProject
Project("{9A19103F-16F7-4668-BE54-9A1E7A4F7556}") = "azure-proto-network", "azure-proto-network\azure-proto-network.csproj", "{23ECE624-2ECD-4C48-BFEA-7D613163394A}"
EndProject
Project("{9A19103F-16F7-4668-BE54-9A1E7A4F7556}") = "LegacyClient", "LegacyClient\LegacyClient.csproj", "{2361ABBC-0526-4920-A7F9-08E60BE6AF36}"
EndProject
Project("{9A19103F-16F7-4668-BE54-9A1E7A4F7556}") = "azure-proto-core-test", "azure-proto-core-test\azure-proto-core-test.csproj", "{5F200CAA-8A98-4A47-AD21-750C716E80DE}"
EndProject
Project("{9A19103F-16F7-4668-BE54-9A1E7A4F7556}") = "Azure.Core", "..\..\Azure\azure-sdk-for-net\sdk\core\Azure.Core\src\Azure.Core.csproj", "{23207843-C2C4-4BEB-BE57-B21662E5CA9D}"
EndProject
Global
	GlobalSection(SolutionConfigurationPlatforms) = preSolution
		Debug|Any CPU = Debug|Any CPU
		Release|Any CPU = Release|Any CPU
	EndGlobalSection
	GlobalSection(ProjectConfigurationPlatforms) = postSolution
		{F67BFD28-EDF7-450C-8204-0A43DD9E5754}.Debug|Any CPU.ActiveCfg = Debug|Any CPU
		{F67BFD28-EDF7-450C-8204-0A43DD9E5754}.Debug|Any CPU.Build.0 = Debug|Any CPU
		{F67BFD28-EDF7-450C-8204-0A43DD9E5754}.Release|Any CPU.ActiveCfg = Release|Any CPU
		{F67BFD28-EDF7-450C-8204-0A43DD9E5754}.Release|Any CPU.Build.0 = Release|Any CPU
		{FD280DA1-53BA-46BA-B705-890F42F704BB}.Debug|Any CPU.ActiveCfg = Debug|Any CPU
		{FD280DA1-53BA-46BA-B705-890F42F704BB}.Debug|Any CPU.Build.0 = Debug|Any CPU
		{FD280DA1-53BA-46BA-B705-890F42F704BB}.Release|Any CPU.ActiveCfg = Release|Any CPU
		{FD280DA1-53BA-46BA-B705-890F42F704BB}.Release|Any CPU.Build.0 = Release|Any CPU
		{450371DE-C9CF-4FCE-B106-822839F68F00}.Debug|Any CPU.ActiveCfg = Debug|Any CPU
		{450371DE-C9CF-4FCE-B106-822839F68F00}.Debug|Any CPU.Build.0 = Debug|Any CPU
		{450371DE-C9CF-4FCE-B106-822839F68F00}.Release|Any CPU.ActiveCfg = Release|Any CPU
		{450371DE-C9CF-4FCE-B106-822839F68F00}.Release|Any CPU.Build.0 = Release|Any CPU
		{23ECE624-2ECD-4C48-BFEA-7D613163394A}.Debug|Any CPU.ActiveCfg = Debug|Any CPU
		{23ECE624-2ECD-4C48-BFEA-7D613163394A}.Debug|Any CPU.Build.0 = Debug|Any CPU
		{23ECE624-2ECD-4C48-BFEA-7D613163394A}.Release|Any CPU.ActiveCfg = Release|Any CPU
		{23ECE624-2ECD-4C48-BFEA-7D613163394A}.Release|Any CPU.Build.0 = Release|Any CPU
		{2361ABBC-0526-4920-A7F9-08E60BE6AF36}.Debug|Any CPU.ActiveCfg = Debug|Any CPU
		{2361ABBC-0526-4920-A7F9-08E60BE6AF36}.Debug|Any CPU.Build.0 = Debug|Any CPU
		{2361ABBC-0526-4920-A7F9-08E60BE6AF36}.Release|Any CPU.ActiveCfg = Release|Any CPU
		{2361ABBC-0526-4920-A7F9-08E60BE6AF36}.Release|Any CPU.Build.0 = Release|Any CPU
		{5F200CAA-8A98-4A47-AD21-750C716E80DE}.Debug|Any CPU.ActiveCfg = Debug|Any CPU
		{5F200CAA-8A98-4A47-AD21-750C716E80DE}.Debug|Any CPU.Build.0 = Debug|Any CPU
		{5F200CAA-8A98-4A47-AD21-750C716E80DE}.Release|Any CPU.ActiveCfg = Release|Any CPU
		{5F200CAA-8A98-4A47-AD21-750C716E80DE}.Release|Any CPU.Build.0 = Release|Any CPU
		{23207843-C2C4-4BEB-BE57-B21662E5CA9D}.Debug|Any CPU.ActiveCfg = Debug|Any CPU
		{23207843-C2C4-4BEB-BE57-B21662E5CA9D}.Debug|Any CPU.Build.0 = Debug|Any CPU
		{23207843-C2C4-4BEB-BE57-B21662E5CA9D}.Release|Any CPU.ActiveCfg = Release|Any CPU
		{23207843-C2C4-4BEB-BE57-B21662E5CA9D}.Release|Any CPU.Build.0 = Release|Any CPU
	EndGlobalSection
	GlobalSection(SolutionProperties) = preSolution
		HideSolutionNode = FALSE
	EndGlobalSection
	GlobalSection(ExtensibilityGlobals) = postSolution
		SolutionGuid = {662CB26C-CDEA-4BCF-AAC3-63F5591B79C2}
	EndGlobalSection
EndGlobal
