
Microsoft Visual Studio Solution File, Format Version 12.00
# Visual Studio Version 16
VisualStudioVersion = 16.0.30225.117
MinimumVisualStudioVersion = 10.0.40219.1
Project("{FAE04EC0-301F-11D3-BF4B-00C04F79EFBC}") = "azure-proto-sdk", "azure-proto-sdk\azure-proto-sdk.csproj", "{F7F49AD9-143B-4F64-BC14-CB894D183197}"
EndProject
Global
	GlobalSection(SolutionConfigurationPlatforms) = preSolution
		Debug|Any CPU = Debug|Any CPU
		Release|Any CPU = Release|Any CPU
	EndGlobalSection
	GlobalSection(ProjectConfigurationPlatforms) = postSolution
		{F7F49AD9-143B-4F64-BC14-CB894D183197}.Debug|Any CPU.ActiveCfg = Debug|Any CPU
		{F7F49AD9-143B-4F64-BC14-CB894D183197}.Debug|Any CPU.Build.0 = Debug|Any CPU
		{F7F49AD9-143B-4F64-BC14-CB894D183197}.Release|Any CPU.ActiveCfg = Release|Any CPU
		{F7F49AD9-143B-4F64-BC14-CB894D183197}.Release|Any CPU.Build.0 = Release|Any CPU
	EndGlobalSection
	GlobalSection(SolutionProperties) = preSolution
		HideSolutionNode = FALSE
	EndGlobalSection
	GlobalSection(ExtensibilityGlobals) = postSolution
		SolutionGuid = {662CB26C-CDEA-4BCF-AAC3-63F5591B79C2}
	EndGlobalSection
EndGlobal
